
Microsoft Visual Studio Solution File, Format Version 12.00
# Visual Studio Version 17
VisualStudioVersion = 17.14.37012.4 d17.14
MinimumVisualStudioVersion = 10.0.40219.1
Project("{FAE04EC0-301F-11D3-BF4B-00C04F79EFBC}") = "ConversorGrh", "ConversorGrh.csproj", "{29507BC5-524F-98E0-5C11-EDD16371F08A}"
EndProject
Global
	GlobalSection(SolutionConfigurationPlatforms) = preSolution
		Debug|Any CPU = Debug|Any CPU
		Release|Any CPU = Release|Any CPU
	EndGlobalSection
	GlobalSection(ProjectConfigurationPlatforms) = postSolution
		{29507BC5-524F-98E0-5C11-EDD16371F08A}.Debug|Any CPU.ActiveCfg = Debug|Any CPU
		{29507BC5-524F-98E0-5C11-EDD16371F08A}.Debug|Any CPU.Build.0 = Debug|Any CPU
		{29507BC5-524F-98E0-5C11-EDD16371F08A}.Release|Any CPU.ActiveCfg = Release|Any CPU
		{29507BC5-524F-98E0-5C11-EDD16371F08A}.Release|Any CPU.Build.0 = Release|Any CPU
	EndGlobalSection
	GlobalSection(SolutionProperties) = preSolution
		HideSolutionNode = FALSE
	EndGlobalSection
	GlobalSection(ExtensibilityGlobals) = postSolution
		SolutionGuid = {A043BECA-EEA9-4489-AAB0-B7A66CBBEA1F}
	EndGlobalSection
EndGlobal
